Microsoft Visual Studio Solution File, Format Version 11.00
# Visual Studio 2008

Project("{D04DB92E-6459-B1EE-1993-16EAA3F51D31}") = "Mummy's Return", "Assembly-CSharp.csproj", "{D78F4F3F-6FEE-ADCB-3F39-A1ECCCA5CF10}"
EndProject
Global
	GlobalSection(SolutionConfigurationPlatforms) = preSolution
		Debug|Any CPU = Debug|Any CPU
		Release|Any CPU = Release|Any CPU
	EndGlobalSection
	GlobalSection(ProjectConfigurationPlatforms) = postSolution
		{D78F4F3F-6FEE-ADCB-3F39-A1ECCCA5CF10}.Debug|Any CPU.ActiveCfg = Debug|Any CPU
		{D78F4F3F-6FEE-ADCB-3F39-A1ECCCA5CF10}.Debug|Any CPU.Build.0 = Debug|Any CPU
		{D78F4F3F-6FEE-ADCB-3F39-A1ECCCA5CF10}.Release|Any CPU.ActiveCfg = Release|Any CPU
		{D78F4F3F-6FEE-ADCB-3F39-A1ECCCA5CF10}.Release|Any CPU.Build.0 = Release|Any CPU
	EndGlobalSection
	GlobalSection(SolutionProperties) = preSolution
		HideSolutionNode = FALSE
	EndGlobalSection
	GlobalSection(MonoDevelopProperties) = preSolution
		StartupItem = Assembly-CSharp.csproj
	EndGlobalSection
EndGlobal
